<?xml version="1.0" encoding="utf-8"?>
<Project ToolsVersion="4.0" xmlns="http://schemas.microsoft.com/developer/msbuild/2003">
  <ItemGroup>
    <Filter Include="Archivos de código fuente">
      <UniqueIdentifier>{4FC737F1-C7A5-4376-A066-2A32D752A2FF}</UniqueIdentifier>
      <Extensions>cpp;c;cc;cxx;def;odl;idl;hpj;bat;asm;asmx</Extensions>
    </Filter>
    <Filter Include="Archivos de recursos">
      <UniqueIdentifier>{67DA6AB6-F800-4c08-8B7A-83BB121AAD01}</UniqueIdentifier>
      <Extensions>rc;ico;cur;bmp;dlg;rc2;rct;bin;rgs;gif;jpg;jpeg;jpe;resx;tiff;tif;png;wav;mfcribbon-ms</Extensions>
    </Filter>
  </ItemGroup>
  <ItemGroup>
    <ClCompile Include="CarGameCode\Logic\Game.cpp">
      <Filter>Archivos de código fuente</Filter>
    </ClCompile>
    <ClCompile Include="CarGameCode\Logic\GameObjects\Car.cpp">
      <Filter>Archivos de código fuente</Filter>
    </ClCompile>
    <ClCompile Include="CarGameCode\Main.cpp">
      <Filter>Archivos de código fuente</Filter>
    </ClCompile>
    <ClCompile Include="CarGameCode\View\Texture.cpp">
      <Filter>Archivos de código fuente</Filter>
    </ClCompile>
    <ClCompile Include="CarGameCode\Control\ViewController.cpp">
      <Filter>Archivos de código fuente</Filter>
    </ClCompile>
    <ClCompile Include="CarGameCode\Logic\GameObjects\Rock.cpp">
      <Filter>Archivos de código fuente</Filter>
    </ClCompile>
    <ClCompile Include="CarGameCode\Logic\GameObjects\Goal.cpp">
      <Filter>Archivos de código fuente</Filter>
    </ClCompile>
    <ClCompile Include="CarGameCode\Logic\GameObjects\GameObject.cpp">
      <Filter>Archivos de código fuente</Filter>
    </ClCompile>
    <ClCompile Include="CarGameCode\Logic\GameObjects\GameObject.cpp">
      <Filter>Archivos de código fuente</Filter>
    </ClCompile>
    <ClCompile Include="CarGameCode\Logic\GameObjectContainer.cpp">
      <Filter>Archivos de código fuente</Filter>
    </ClCompile>
    <ClCompile Include="CarGameCode\Logic\GameObjectGenerator.cpp">
      <Filter>Archivos de código fuente</Filter>
    </ClCompile>
    <ClCompile Include="CarGameCode\Logic\GameObjects\BadObject.cpp">
      <Filter>Archivos de código fuente</Filter>
    </ClCompile>
    <ClCompile Include="CarGameCode\Logic\GameObjects\GoodObject.cpp">
      <Filter>Archivos de código fuente</Filter>
    </ClCompile>
    <ClCompile Include="CarGameCode\Logic\GameObjects\PowerUp.cpp">
      <Filter>Archivos de código fuente</Filter>
    </ClCompile>
    <ClCompile Include="CarGameCode\Control\Commands\QuitStartCommand.cpp">
      <Filter>Archivos de código fuente</Filter>
    </ClCompile>
    <ClCompile Include="CarGameCode\Control\Commands\MoveCommand.cpp">
      <Filter>Archivos de código fuente</Filter>
    </ClCompile>
    <ClCompile Include="CarGameCode\View\Infobar.cpp">
      <Filter>Archivos de código fuente</Filter>
    </ClCompile>
    <ClCompile Include="CarGameCode\Logic\GameObjects\Coin.cpp">
      <Filter>Archivos de código fuente</Filter>
    </ClCompile>
    <ClCompile Include="CarGameCode\Control\Commands\ShootCommmand.cpp">
      <Filter>Archivos de código fuente</Filter>
    </ClCompile>
    <ClCompile Include="CarGameCode\Logic\GameObjects\Bullet.cpp">
      <Filter>Archivos de código fuente</Filter>
    </ClCompile>
    <ClCompile Include="CarGameCode\Logic\GameObjects\Turbo.cpp">
      <Filter>Archivos de código fuente</Filter>
    </ClCompile>
    <ClCompile Include="CarGameCode\Control\Commands\WaveCommand.cpp">
      <Filter>Archivos de código fuente</Filter>
    </ClCompile>
    <ClCompile Include="CarGameCode\Logic\GameObjects\Superrocks.cpp">
      <Filter>Archivos de código fuente</Filter>
    </ClCompile>
    <ClCompile Include="CarGameCode\Logic\GameObjects\Oil.cpp">
      <Filter>Archivos de código fuente</Filter>
    </ClCompile>
    <ClCompile Include="CarGameCode\Logic\GameObjects\Truck.cpp">
      <Filter>Archivos de código fuente</Filter>
    </ClCompile>
    <ClCompile Include="CarGameCode\Control\Commands\CheatCommand.cpp">
      <Filter>Archivos de código fuente</Filter>
    </ClCompile>
    <ClCompile Include="CarGameCode\Control\Commands\BlastCommand.cpp">
      <Filter>Archivos de código fuente</Filter>
    </ClCompile>
  </ItemGroup>
  <ItemGroup>
    <ClInclude Include="CarGameCode\Logic\Game.h" />
    <ClInclude Include="CarGameCode\Logic\GameObjects\Car.h" />
    <ClInclude Include="CarGameCode\Utils\Vector2D.h" />
    <ClInclude Include="CarGameCode\View\Box.h" />
    <ClInclude Include="CarGameCode\View\Font.h" />
    <ClInclude Include="CarGameCode\View\Texture.h" />
    <ClInclude Include="CarGameCode\View\TextureContainer.h" />
    <ClInclude Include="CarGameCode\Control\ViewController.h" />
    <ClInclude Include="CarGameCode\Logic\GameObjects\Rock.h" />
    <ClInclude Include="CarGameCode\Logic\GameObjects\Goal.h" />
    <ClInclude Include="checkML.h" />
    <ClInclude Include="CarGameCode\Logic\GameObjects\Collider.h" />
    <ClInclude Include="CarGameCode\Logic\GameObjects\GameObject.h" />
    <ClInclude Include="CarGameCode\Logic\GameObjectContainer.h" />
    <ClInclude Include="CarGameCode\Logic\GameObjectGenerator.h" />
    <ClInclude Include="CarGameCode\Logic\GameObjects\BadObject.h" />
    <ClInclude Include="CarGameCode\Logic\GameObjects\GoodObject.h" />
    <ClInclude Include="CarGameCode\Logic\GameObjects\PowerUp.h" />
    <ClInclude Include="CarGameCode\Control\Commands\Command.h" />
    <ClInclude Include="CarGameCode\Control\Commands\QuitStartCommand.h" />
    <ClInclude Include="CarGameCode\Control\CommandFactory.h" />
    <ClInclude Include="CarGameCode\Control\Commands\MoveCommand.h" />
    <ClInclude Include="CarGameCode\View\Infobar.h" />
    <ClInclude Include="CarGameCode\Logic\GameObjects\Coin.h" />
    <ClInclude Include="CarGameCode\Control\Commands\ShootCommmand.h" />
    <ClInclude Include="CarGameCode\Logic\GameObjects\Bullet.h" />
    <ClInclude Include="CarGameCode\Logic\GameObjects\Turbo.h" />
    <ClInclude Include="CarGameCode\Control\Commands\WaveCommand.h" />
    <ClInclude Include="CarGameCode\Logic\GameObjects\Superrocks.h" />
    <ClInclude Include="CarGameCode\Logic\GameObjects\Oil.h" />
    <ClInclude Include="CarGameCode\Logic\GameObjects\Truck.h" />
    <ClInclude Include="CarGameCode\Control\Commands\CheatCommand.h" />
    <ClInclude Include="CarGameCode\Control\Commands\BlastCommand.h" />
  </ItemGroup>
</Project>